<?xml version="1.0" encoding="utf-8"?>
<Project ToolsVersion="4.0" xmlns="http://schemas.microsoft.com/developer/msbuild/2003">
  <ItemGroup>
    <Filter Include="Source Files">
      <UniqueIdentifier>{4FC737F1-C7A5-4376-A066-2A32D752A2FF}</UniqueIdentifier>
      <Extensions>cpp;c;cc;cxx;def;odl;idl;hpj;bat;asm;asmx</Extensions>
    </Filter>
    <Filter Include="Header Files">
      <UniqueIdentifier>{93995380-89BD-4b04-88EB-625FBE52EBFB}</UniqueIdentifier>
      <Extensions>h;hh;hpp;hxx;hm;inl;inc;xsd</Extensions>
    </Filter>
    <Filter Include="Resource Files">
      <UniqueIdentifier>{67DA6AB6-F800-4c08-8B7A-83BB121AAD01}</UniqueIdentifier>
      <Extensions>rc;ico;cur;bmp;dlg;rc2;rct;bin;rgs;gif;jpg;jpeg;jpe;resx;tiff;tif;png;wav;mfcribbon-ms</Extensions>
    </Filter>
    <Filter Include="Source Files\DataObjects">
      <UniqueIdentifier>{88cf69da-8b10-4dab-b9b2-cee6e77981ae}</UniqueIdentifier>
    </Filter>
    <Filter Include="Source Files\DataHelpers">
      <UniqueIdentifier>{c4e99e33-2106-4d36-8c9f-ab3f4c3d0fe9}</UniqueIdentifier>
    </Filter>
    <Filter Include="Source Files\JSON">
      <UniqueIdentifier>{297bb6df-ed6f-4993-9864-4921c1cdbec5}</UniqueIdentifier>
    </Filter>
    <Filter Include="Source Files\Python">
      <UniqueIdentifier>{e9e5d9e3-5e80-4e85-9821-42a2846b5226}</UniqueIdentifier>
    </Filter>
    <Filter Include="Source Files\SDL">
      <UniqueIdentifier>{7cb60ca6-a202-471e-ab32-e5a41bce0a99}</UniqueIdentifier>
    </Filter>
    <Filter Include="Source Files\ResourceData">
      <UniqueIdentifier>{7ed4b41a-9962-4d65-9cde-a1dab701bed5}</UniqueIdentifier>
    </Filter>
  </ItemGroup>
  <ItemGroup>
    <Text Include="ReadMe.txt" />
  </ItemGroup>
  <ItemGroup>
    <ClInclude Include="stdafx.h">
      <Filter>Header Files</Filter>
    </ClInclude>
    <ClInclude Include="targetver.h">
      <Filter>Header Files</Filter>
    </ClInclude>
    <ClInclude Include="PythonHandler.h">
      <Filter>Header Files</Filter>
    </ClInclude>
    <ClInclude Include="json.h">
      <Filter>Header Files</Filter>
    </ClInclude>
    <ClInclude Include="JSONReader.h">
      <Filter>Header Files</Filter>
    </ClInclude>
    <ClInclude Include="Comment.h">
      <Filter>Header Files</Filter>
    </ClInclude>
    <ClInclude Include="Topic.h">
      <Filter>Header Files</Filter>
    </ClInclude>
    <ClInclude Include="Group.h">
      <Filter>Header Files</Filter>
    </ClInclude>
    <ClInclude Include="GroupPopulator.h">
      <Filter>Header Files</Filter>
    </ClInclude>
    <ClInclude Include="CommentFormatter.h">
      <Filter>Header Files</Filter>
    </ClInclude>
    <ClInclude Include="SDLWindow.h">
      <Filter>Header Files</Filter>
    </ClInclude>
    <ClInclude Include="Sprite.h">
      <Filter>Header Files</Filter>
    </ClInclude>
    <ClInclude Include="NPC_Group.h">
      <Filter>Header Files</Filter>
    </ClInclude>
    <ClInclude Include="TextBox.h">
      <Filter>Header Files</Filter>
    </ClInclude>
    <ClInclude Include="NPC.h">
      <Filter>Header Files</Filter>
    </ClInclude>
    <ClInclude Include="Texture.h">
      <Filter>Header Files</Filter>
    </ClInclude>
    <ClInclude Include="ResourceData.h">
      <Filter>Header Files</Filter>
    </ClInclude>
  </ItemGroup>
  <ItemGroup>
    <ClCompile Include="stdafx.cpp">
      <Filter>Source Files</Filter>
    </ClCompile>
    <ClCompile Include="Social_NPCS.cpp">
      <Filter>Source Files</Filter>
    </ClCompile>
    <ClCompile Include="Comment.cpp">
      <Filter>Source Files\DataObjects</Filter>
    </ClCompile>
    <ClCompile Include="Group.cpp">
      <Filter>Source Files\DataObjects</Filter>
    </ClCompile>
    <ClCompile Include="Topic.cpp">
      <Filter>Source Files\DataObjects</Filter>
    </ClCompile>
    <ClCompile Include="CommentFormatter.cpp">
      <Filter>Source Files\DataHelpers</Filter>
    </ClCompile>
    <ClCompile Include="GroupPopulator.cpp">
      <Filter>Source Files\DataHelpers</Filter>
    </ClCompile>
    <ClCompile Include="jsoncpp.cpp">
      <Filter>Source Files\JSON</Filter>
    </ClCompile>
    <ClCompile Include="JSONReader.cpp">
      <Filter>Source Files\JSON</Filter>
    </ClCompile>
    <ClCompile Include="PythonHandler.cpp">
      <Filter>Source Files\Python</Filter>
    </ClCompile>
    <ClCompile Include="SDLWindow.cpp">
      <Filter>Source Files\SDL</Filter>
    </ClCompile>
    <ClCompile Include="Sprite.cpp">
      <Filter>Source Files\SDL</Filter>
    </ClCompile>
    <ClCompile Include="NPC_Group.cpp">
      <Filter>Source Files\SDL</Filter>
    </ClCompile>
    <ClCompile Include="NPC.cpp">
      <Filter>Source Files\SDL</Filter>
    </ClCompile>
    <ClCompile Include="TextBox.cpp">
      <Filter>Source Files\SDL</Filter>
    </ClCompile>
    <ClCompile Include="Texture.cpp">
      <Filter>Source Files\SDL</Filter>
    </ClCompile>
    <ClCompile Include="ResourceData.cpp">
      <Filter>Source Files\ResourceData</Filter>
    </ClCompile>
  </ItemGroup>
  <ItemGroup>
    <None Include="ResourceData.json">
      <Filter>Source Files\ResourceData</Filter>
    </None>
  </ItemGroup>
</Project>